
Microsoft Visual Studio Solution File, Format Version 12.00
# Visual Studio Version 17
VisualStudioVersion = 17.13.35931.197 d17.13
MinimumVisualStudioVersion = 10.0.40219.1
Project("{FAE04EC0-301F-11D3-BF4B-00C04F79EFBC}") = "NotePad", "NotePad\NotePad.csproj", "{332E54A3-F0FF-45E7-A345-4C266462B8EC}"
EndProject
Global
	GlobalSection(SolutionConfigurationPlatforms) = preSolution
		Debug|Any CPU = Debug|Any CPU
		Release|Any CPU = Release|Any CPU
	EndGlobalSection
	GlobalSection(ProjectConfigurationPlatforms) = postSolution
		{332E54A3-F0FF-45E7-A345-4C266462B8EC}.Debug|Any CPU.ActiveCfg = Debug|Any CPU
		{332E54A3-F0FF-45E7-A345-4C266462B8EC}.Debug|Any CPU.Build.0 = Debug|Any CPU
		{332E54A3-F0FF-45E7-A345-4C266462B8EC}.Release|Any CPU.ActiveCfg = Release|Any CPU
		{332E54A3-F0FF-45E7-A345-4C266462B8EC}.Release|Any CPU.Build.0 = Release|Any CPU
	EndGlobalSection
	GlobalSection(SolutionProperties) = preSolution
		HideSolutionNode = FALSE
	EndGlobalSection
	GlobalSection(ExtensibilityGlobals) = postSolution
		SolutionGuid = {222FD0C9-ADEE-4CF1-AA29-2394C1EECF28}
	EndGlobalSection
EndGlobal
